// !$*UTF8*$!
{
	archiveVersion = 1;
	classes = {
	};
	objectVersion = 52;
	objects = {

/* Begin PBXBuildFile section */
		F413659C265539D0000CFD54 /* SocialMediaApp.swift in Sources */ = {isa = PBXBuildFile; fileRef = F413659B265539D0000CFD54 /* SocialMediaApp.swift */; };
		F41365A0265539DB000CFD54 /* Assets.xcassets in Resources */ = {isa = PBXBuildFile; fileRef = F413659F265539DB000CFD54 /* Assets.xcassets */; };
		F41365A3265539DB000CFD54 /* Preview Assets.xcassets in Resources */ = {isa = PBXBuildFile; fileRef = F41365A2265539DB000CFD54 /* Preview Assets.xcassets */; };
		F41365AC26553E83000CFD54 /* GoogleService-Info.plist in Resources */ = {isa = PBXBuildFile; fileRef = F41365AB26553E83000CFD54 /* GoogleService-Info.plist */; };
		F41365B826554077000CFD54 /* FirebaseFirestore in Frameworks */ = {isa = PBXBuildFile; productRef = F41365B726554077000CFD54 /* FirebaseFirestore */; };
		F41365C826554077000CFD54 /* FirebaseAuth in Frameworks */ = {isa = PBXBuildFile; productRef = F41365C726554077000CFD54 /* FirebaseAuth */; };
		F41365DA26554439000CFD54 /* AuthenticationManager.swift in Sources */ = {isa = PBXBuildFile; fileRef = F41365D926554439000CFD54 /* AuthenticationManager.swift */; };
		F41365E32655B00E000CFD54 /* FirebaseFirestoreSwift-Beta in Frameworks */ = {isa = PBXBuildFile; productRef = F41365E22655B00E000CFD54 /* FirebaseFirestoreSwift-Beta */; };
		F41365EB2655B417000CFD54 /* SignInView.swift in Sources */ = {isa = PBXBuildFile; fileRef = F41365EA2655B417000CFD54 /* SignInView.swift */; };
		F41365F02655B504000CFD54 /* SignUpView.swift in Sources */ = {isa = PBXBuildFile; fileRef = F41365EF2655B504000CFD54 /* SignUpView.swift */; };
		F41365F726568B85000CFD54 /* SignOutView.swift in Sources */ = {isa = PBXBuildFile; fileRef = F41365F626568B85000CFD54 /* SignOutView.swift */; };
		F41365FB26568BDE000CFD54 /* AuthenticationView.swift in Sources */ = {isa = PBXBuildFile; fileRef = F41365FA26568BDE000CFD54 /* AuthenticationView.swift */; };
/* End PBXBuildFile section */

/* Begin PBXFileReference section */
		F4136598265539D0000CFD54 /* SocialMedia.app */ = {isa = PBXFileReference; explicitFileType = wrapper.application; includeInIndex = 0; path = SocialMedia.app; sourceTree = BUILT_PRODUCTS_DIR; };
		F413659B265539D0000CFD54 /* SocialMediaApp.swift */ = {isa = PBXFileReference; lastKnownFileType = sourcecode.swift; path = SocialMediaApp.swift; sourceTree = "<group>"; };
		F413659F265539DB000CFD54 /* Assets.xcassets */ = {isa = PBXFileReference; lastKnownFileType = folder.assetcatalog; path = Assets.xcassets; sourceTree = "<group>"; };
		F41365A2265539DB000CFD54 /* Preview Assets.xcassets */ = {isa = PBXFileReference; lastKnownFileType = folder.assetcatalog; path = "Preview Assets.xcassets"; sourceTree = "<group>"; };
		F41365A4265539DB000CFD54 /* Info.plist */ = {isa = PBXFileReference; lastKnownFileType = text.plist.xml; path = Info.plist; sourceTree = "<group>"; };
		F41365AB26553E83000CFD54 /* GoogleService-Info.plist */ = {isa = PBXFileReference; fileEncoding = 4; lastKnownFileType = text.plist.xml; path = "GoogleService-Info.plist"; sourceTree = "<group>"; };
		F41365D926554439000CFD54 /* AuthenticationManager.swift */ = {isa = PBXFileReference; lastKnownFileType = sourcecode.swift; path = AuthenticationManager.swift; sourceTree = "<group>"; };
		F41365EA2655B417000CFD54 /* SignInView.swift */ = {isa = PBXFileReference; lastKnownFileType = sourcecode.swift; path = SignInView.swift; sourceTree = "<group>"; };
		F41365EF2655B504000CFD54 /* SignUpView.swift */ = {isa = PBXFileReference; lastKnownFileType = sourcecode.swift; path = SignUpView.swift; sourceTree = "<group>"; };
		F41365F42656829F000CFD54 /* SocialMedia.entitlements */ = {isa = PBXFileReference; lastKnownFileType = text.plist.entitlements; path = SocialMedia.entitlements; sourceTree = "<group>"; };
		F41365F626568B85000CFD54 /* SignOutView.swift */ = {isa = PBXFileReference; lastKnownFileType = sourcecode.swift; path = SignOutView.swift; sourceTree = "<group>"; };
		F41365FA26568BDE000CFD54 /* AuthenticationView.swift */ = {isa = PBXFileReference; lastKnownFileType = sourcecode.swift; path = AuthenticationView.swift; sourceTree = "<group>"; };
/* End PBXFileReference section */

/* Begin PBXFrameworksBuildPhase section */
		F4136595265539D0000CFD54 /* Frameworks */ = {
			isa = PBXFrameworksBuildPhase;
			buildActionMask = 2147483647;
			files = (
				F41365B826554077000CFD54 /* FirebaseFirestore in Frameworks */,
				F41365E32655B00E000CFD54 /* FirebaseFirestoreSwift-Beta in Frameworks */,
				F41365C826554077000CFD54 /* FirebaseAuth in Frameworks */,
			);
			runOnlyForDeploymentPostprocessing = 0;
		};
/* End PBXFrameworksBuildPhase section */

/* Begin PBXGroup section */
		F413658F265539D0000CFD54 = {
			isa = PBXGroup;
			children = (
				F413659A265539D0000CFD54 /* SocialMedia */,
				F4136599265539D0000CFD54 /* Products */,
				F41365E12655B00E000CFD54 /* Frameworks */,
			);
			sourceTree = "<group>";
		};
		F4136599265539D0000CFD54 /* Products */ = {
			isa = PBXGroup;
			children = (
				F4136598265539D0000CFD54 /* SocialMedia.app */,
			);
			name = Products;
			sourceTree = "<group>";
		};
		F413659A265539D0000CFD54 /* SocialMedia */ = {
			isa = PBXGroup;
			children = (
				F41365F42656829F000CFD54 /* SocialMedia.entitlements */,
				F413659B265539D0000CFD54 /* SocialMediaApp.swift */,
				F41365DC26554571000CFD54 /* Views */,
				F41365DD2655457B000CFD54 /* View Models */,
				F41365DE2655458C000CFD54 /* Models */,
				F413659F265539DB000CFD54 /* Assets.xcassets */,
				F41365A4265539DB000CFD54 /* Info.plist */,
				F41365AB26553E83000CFD54 /* GoogleService-Info.plist */,
				F41365A1265539DB000CFD54 /* Preview Content */,
			);
			path = SocialMedia;
			sourceTree = "<group>";
		};
		F41365A1265539DB000CFD54 /* Preview Content */ = {
			isa = PBXGroup;
			children = (
				F41365A2265539DB000CFD54 /* Preview Assets.xcassets */,
			);
			path = "Preview Content";
			sourceTree = "<group>";
		};
		F41365DC26554571000CFD54 /* Views */ = {
			isa = PBXGroup;
			children = (
				F41365FA26568BDE000CFD54 /* AuthenticationView.swift */,
				F41365EA2655B417000CFD54 /* SignInView.swift */,
				F41365EF2655B504000CFD54 /* SignUpView.swift */,
				F41365F626568B85000CFD54 /* SignOutView.swift */,
			);
			path = Views;
			sourceTree = "<group>";
		};
		F41365DD2655457B000CFD54 /* View Models */ = {
			isa = PBXGroup;
			children = (
				F41365D926554439000CFD54 /* AuthenticationManager.swift */,
			);
			path = "View Models";
			sourceTree = "<group>";
		};
		F41365DE2655458C000CFD54 /* Models */ = {
			isa = PBXGroup;
			children = (
			);
			path = Models;
			sourceTree = "<group>";
		};
		F41365E12655B00E000CFD54 /* Frameworks */ = {
			isa = PBXGroup;
			children = (
			);
			name = Frameworks;
			sourceTree = "<group>";
		};
/* End PBXGroup section */

/* Begin PBXNativeTarget section */
		F4136597265539D0000CFD54 /* SocialMedia */ = {
			isa = PBXNativeTarget;
			buildConfigurationList = F41365A7265539DB000CFD54 /* Build configuration list for PBXNativeTarget "SocialMedia" */;
			buildPhases = (
				F4136594265539D0000CFD54 /* Sources */,
				F4136595265539D0000CFD54 /* Frameworks */,
				F4136596265539D0000CFD54 /* Resources */,
			);
			buildRules = (
			);
			dependencies = (
			);
			name = SocialMedia;
			packageProductDependencies = (
				F41365B726554077000CFD54 /* FirebaseFirestore */,
				F41365C726554077000CFD54 /* FirebaseAuth */,
				F41365E22655B00E000CFD54 /* FirebaseFirestoreSwift-Beta */,
			);
			productName = SocialMedia;
			productReference = F4136598265539D0000CFD54 /* SocialMedia.app */;
			productType = "com.apple.product-type.application";
		};
/* End PBXNativeTarget section */

/* Begin PBXProject section */
		F4136590265539D0000CFD54 /* Project object */ = {
			isa = PBXProject;
			attributes = {
				LastSwiftUpdateCheck = 1240;
				LastUpgradeCheck = 1240;
				TargetAttributes = {
					F4136597265539D0000CFD54 = {
						CreatedOnToolsVersion = 12.4;
					};
				};
			};
			buildConfigurationList = F4136593265539D0000CFD54 /* Build configuration list for PBXProject "SocialMedia" */;
			compatibilityVersion = "Xcode 9.3";
			developmentRegion = en;
			hasScannedForEncodings = 0;
			knownRegions = (
				en,
				Base,
			);
			mainGroup = F413658F265539D0000CFD54;
			packageReferences = (
				F41365AE26554077000CFD54 /* XCRemoteSwiftPackageReference "firebase-ios-sdk" */,
			);
			productRefGroup = F4136599265539D0000CFD54 /* Products */;
			projectDirPath = "";
			projectRoot = "";
			targets = (
				F4136597265539D0000CFD54 /* SocialMedia */,
			);
		};
/* End PBXProject section */

/* Begin PBXResourcesBuildPhase section */
		F4136596265539D0000CFD54 /* Resources */ = {
			isa = PBXResourcesBuildPhase;
			buildActionMask = 2147483647;
			files = (
				F41365A3265539DB000CFD54 /* Preview Assets.xcassets in Resources */,
				F41365A0265539DB000CFD54 /* Assets.xcassets in Resources */,
				F41365AC26553E83000CFD54 /* GoogleService-Info.plist in Resources */,
			);
			runOnlyForDeploymentPostprocessing = 0;
		};
/* End PBXResourcesBuildPhase section */

/* Begin PBXSourcesBuildPhase section */
		F4136594265539D0000CFD54 /* Sources */ = {
			isa = PBXSourcesBuildPhase;
			buildActionMask = 2147483647;
			files = (
				F41365DA26554439000CFD54 /* AuthenticationManager.swift in Sources */,
				F41365F02655B504000CFD54 /* SignUpView.swift in Sources */,
				F41365FB26568BDE000CFD54 /* AuthenticationView.swift in Sources */,
				F413659C265539D0000CFD54 /* SocialMediaApp.swift in Sources */,
				F41365EB2655B417000CFD54 /* SignInView.swift in Sources */,
				F41365F726568B85000CFD54 /* SignOutView.swift in Sources */,
			);
			runOnlyForDeploymentPostprocessing = 0;
		};
/* End PBXSourcesBuildPhase section */

/* Begin XCBuildConfiguration section */
		F41365A5265539DB000CFD54 /* Debug */ = {
			isa = XCBuildConfiguration;
			buildSettings = {
				ALWAYS_SEARCH_USER_PATHS = NO;
				CLANG_ANALYZER_NONNULL = YES;
				CLANG_ANALYZER_NUMBER_OBJECT_CONVERSION = YES_AGGRESSIVE;
				CLANG_CXX_LANGUAGE_STANDARD = "gnu++14";
				CLANG_CXX_LIBRARY = "libc++";
				CLANG_ENABLE_MODULES = YES;
				CLANG_ENABLE_OBJC_ARC = YES;
				CLANG_ENABLE_OBJC_WEAK = YES;
				CLANG_WARN_BLOCK_CAPTURE_AUTORELEASING = YES;
				CLANG_WARN_BOOL_CONVERSION = YES;
				CLANG_WARN_COMMA = YES;
				CLANG_WARN_CONSTANT_CONVERSION = YES;
				CLANG_WARN_DEPRECATED_OBJC_IMPLEMENTATIONS = YES;
				CLANG_WARN_DIRECT_OBJC_ISA_USAGE = YES_ERROR;
				CLANG_WARN_DOCUMENTATION_COMMENTS = YES;
				CLANG_WARN_EMPTY_BODY = YES;
				CLANG_WARN_ENUM_CONVERSION = YES;
				CLANG_WARN_INFINITE_RECURSION = YES;
				CLANG_WARN_INT_CONVERSION = YES;
				CLANG_WARN_NON_LITERAL_NULL_CONVERSION = YES;
				CLANG_WARN_OBJC_IMPLICIT_RETAIN_SELF = YES;
				CLANG_WARN_OBJC_LITERAL_CONVERSION = YES;
				CLANG_WARN_OBJC_ROOT_CLASS = YES_ERROR;
				CLANG_WARN_QUOTED_INCLUDE_IN_FRAMEWORK_HEADER = YES;
				CLANG_WARN_RANGE_LOOP_ANALYSIS = YES;
				CLANG_WARN_STRICT_PROTOTYPES = YES;
				CLANG_WARN_SUSPICIOUS_MOVE = YES;
				CLANG_WARN_UNGUARDED_AVAILABILITY = YES_AGGRESSIVE;
				CLANG_WARN_UNREACHABLE_CODE = YES;
				CLANG_WARN__DUPLICATE_METHOD_MATCH = YES;
				COPY_PHASE_STRIP = NO;
				DEBUG_INFORMATION_FORMAT = dwarf;
				ENABLE_STRICT_OBJC_MSGSEND = YES;
				ENABLE_TESTABILITY = YES;
				GCC_C_LANGUAGE_STANDARD = gnu11;
				GCC_DYNAMIC_NO_PIC = NO;
				GCC_NO_COMMON_BLOCKS = YES;
				GCC_OPTIMIZATION_LEVEL = 0;
				GCC_PREPROCESSOR_DEFINITIONS = (
					"DEBUG=1",
					"$(inherited)",
				);
				GCC_WARN_64_TO_32_BIT_CONVERSION = YES;
				GCC_WARN_ABOUT_RETURN_TYPE = YES_ERROR;
				GCC_WARN_UNDECLARED_SELECTOR = YES;
				GCC_WARN_UNINITIALIZED_AUTOS = YES_AGGRESSIVE;
				GCC_WARN_UNUSED_FUNCTION = YES;
				GCC_WARN_UNUSED_VARIABLE = YES;
				IPHONEOS_DEPLOYMENT_TARGET = 14.4;
				MTL_ENABLE_DEBUG_INFO = INCLUDE_SOURCE;
				MTL_FAST_MATH = YES;
				ONLY_ACTIVE_ARCH = YES;
				OTHER_LDFLAGS = "-ObjC";
				SDKROOT = iphoneos;
				SWIFT_ACTIVE_COMPILATION_CONDITIONS = DEBUG;
				SWIFT_OPTIMIZATION_LEVEL = "-Onone";
			};
			name = Debug;
		};
		F41365A6265539DB000CFD54 /* Release */ = {
			isa = XCBuildConfiguration;
			buildSettings = {
				ALWAYS_SEARCH_USER_PATHS = NO;
				CLANG_ANALYZER_NONNULL = YES;
				CLANG_ANALYZER_NUMBER_OBJECT_CONVERSION = YES_AGGRESSIVE;
				CLANG_CXX_LANGUAGE_STANDARD = "gnu++14";
				CLANG_CXX_LIBRARY = "libc++";
				CLANG_ENABLE_MODULES = YES;
				CLANG_ENABLE_OBJC_ARC = YES;
				CLANG_ENABLE_OBJC_WEAK = YES;
				CLANG_WARN_BLOCK_CAPTURE_AUTORELEASING = YES;
				CLANG_WARN_BOOL_CONVERSION = YES;
				CLANG_WARN_COMMA = YES;
				CLANG_WARN_CONSTANT_CONVERSION = YES;
				CLANG_WARN_DEPRECATED_OBJC_IMPLEMENTATIONS = YES;
				CLANG_WARN_DIRECT_OBJC_ISA_USAGE = YES_ERROR;
				CLANG_WARN_DOCUMENTATION_COMMENTS = YES;
				CLANG_WARN_EMPTY_BODY = YES;
				CLANG_WARN_ENUM_CONVERSION = YES;
				CLANG_WARN_INFINITE_RECURSION = YES;
				CLANG_WARN_INT_CONVERSION = YES;
				CLANG_WARN_NON_LITERAL_NULL_CONVERSION = YES;
				CLANG_WARN_OBJC_IMPLICIT_RETAIN_SELF = YES;
				CLANG_WARN_OBJC_LITERAL_CONVERSION = YES;
				CLANG_WARN_OBJC_ROOT_CLASS = YES_ERROR;
				CLANG_WARN_QUOTED_INCLUDE_IN_FRAMEWORK_HEADER = YES;
				CLANG_WARN_RANGE_LOOP_ANALYSIS = YES;
				CLANG_WARN_STRICT_PROTOTYPES = YES;
				CLANG_WARN_SUSPICIOUS_MOVE = YES;
				CLANG_WARN_UNGUARDED_AVAILABILITY = YES_AGGRESSIVE;
				CLANG_WARN_UNREACHABLE_CODE = YES;
				CLANG_WARN__DUPLICATE_METHOD_MATCH = YES;
				COPY_PHASE_STRIP = NO;
				DEBUG_INFORMATION_FORMAT = "dwarf-with-dsym";
				ENABLE_NS_ASSERTIONS = NO;
				ENABLE_STRICT_OBJC_MSGSEND = YES;
				GCC_C_LANGUAGE_STANDARD = gnu11;
				GCC_NO_COMMON_BLOCKS = YES;
				GCC_WARN_64_TO_32_BIT_CONVERSION = YES;
				GCC_WARN_ABOUT_RETURN_TYPE = YES_ERROR;
				GCC_WARN_UNDECLARED_SELECTOR = YES;
				GCC_WARN_UNINITIALIZED_AUTOS = YES_AGGRESSIVE;
				GCC_WARN_UNUSED_FUNCTION = YES;
				GCC_WARN_UNUSED_VARIABLE = YES;
				IPHONEOS_DEPLOYMENT_TARGET = 14.4;
				MTL_ENABLE_DEBUG_INFO = NO;
				MTL_FAST_MATH = YES;
				OTHER_LDFLAGS = "-ObjC";
				SDKROOT = iphoneos;
				SWIFT_COMPILATION_MODE = wholemodule;
				SWIFT_OPTIMIZATION_LEVEL = "-O";
				VALIDATE_PRODUCT = YES;
			};
			name = Release;
		};
		F41365A8265539DB000CFD54 /* Debug */ = {
			isa = XCBuildConfiguration;
			buildSettings = {
				ASSETCATALOG_COMPILER_APPICON_NAME = AppIcon;
				ASSETCATALOG_COMPILER_GLOBAL_ACCENT_COLOR_NAME = AccentColor;
				CODE_SIGN_ENTITLEMENTS = SocialMedia/SocialMedia.entitlements;
				CODE_SIGN_STYLE = Automatic;
				DEVELOPMENT_ASSET_PATHS = "\"SocialMedia/Preview Content\"";
				DEVELOPMENT_TEAM = 4CQW4CFFYT;
				ENABLE_PREVIEWS = YES;
				INFOPLIST_FILE = SocialMedia/Info.plist;
				IPHONEOS_DEPLOYMENT_TARGET = 14.0;
				LD_RUNPATH_SEARCH_PATHS = (
					"$(inherited)",
					"@executable_path/Frameworks",
				);
				PRODUCT_BUNDLE_IDENTIFIER = JackFinnis.SocialMedia;
				PRODUCT_NAME = "$(TARGET_NAME)";
				SWIFT_VERSION = 5.0;
				TARGETED_DEVICE_FAMILY = "1,2";
			};
			name = Debug;
		};
		F41365A9265539DB000CFD54 /* Release */ = {
			isa = XCBuildConfiguration;
			buildSettings = {
				ASSETCATALOG_COMPILER_APPICON_NAME = AppIcon;
				ASSETCATALOG_COMPILER_GLOBAL_ACCENT_COLOR_NAME = AccentColor;
				CODE_SIGN_ENTITLEMENTS = SocialMedia/SocialMedia.entitlements;
				CODE_SIGN_STYLE = Automatic;
				DEVELOPMENT_ASSET_PATHS = "\"SocialMedia/Preview Content\"";
				DEVELOPMENT_TEAM = 4CQW4CFFYT;
				ENABLE_PREVIEWS = YES;
				INFOPLIST_FILE = SocialMedia/Info.plist;
				IPHONEOS_DEPLOYMENT_TARGET = 14.0;
				LD_RUNPATH_SEARCH_PATHS = (
					"$(inherited)",
					"@executable_path/Frameworks",
				);
				PRODUCT_BUNDLE_IDENTIFIER = JackFinnis.SocialMedia;
				PRODUCT_NAME = "$(TARGET_NAME)";
				SWIFT_VERSION = 5.0;
				TARGETED_DEVICE_FAMILY = "1,2";
			};
			name = Release;
		};
/* End XCBuildConfiguration section */

/* Begin XCConfigurationList section */
		F4136593265539D0000CFD54 /* Build configuration list for PBXProject "SocialMedia" */ = {
			isa = XCConfigurationList;
			buildConfigurations = (
				F41365A5265539DB000CFD54 /* Debug */,
				F41365A6265539DB000CFD54 /* Release */,
			);
			defaultConfigurationIsVisible = 0;
			defaultConfigurationName = Release;
		};
		F41365A7265539DB000CFD54 /* Build configuration list for PBXNativeTarget "SocialMedia" */ = {
			isa = XCConfigurationList;
			buildConfigurations = (
				F41365A8265539DB000CFD54 /* Debug */,
				F41365A9265539DB000CFD54 /* Release */,
			);
			defaultConfigurationIsVisible = 0;
			defaultConfigurationName = Release;
		};
/* End XCConfigurationList section */

/* Begin XCRemoteSwiftPackageReference section */
		F41365AE26554077000CFD54 /* XCRemoteSwiftPackageReference "firebase-ios-sdk" */ = {
			isa = XCRemoteSwiftPackageReference;
			repositoryURL = "https://github.com/firebase/firebase-ios-sdk.git";
			requirement = {
				kind = upToNextMajorVersion;
				minimumVersion = 8.0.0;
			};
		};
/* End XCRemoteSwiftPackageReference section */

/* Begin XCSwiftPackageProductDependency section */
		F41365B726554077000CFD54 /* FirebaseFirestore */ = {
			isa = XCSwiftPackageProductDependency;
			package = F41365AE26554077000CFD54 /* XCRemoteSwiftPackageReference "firebase-ios-sdk" */;
			productName = FirebaseFirestore;
		};
		F41365C726554077000CFD54 /* FirebaseAuth */ = {
			isa = XCSwiftPackageProductDependency;
			package = F41365AE26554077000CFD54 /* XCRemoteSwiftPackageReference "firebase-ios-sdk" */;
			productName = FirebaseAuth;
		};
		F41365E22655B00E000CFD54 /* FirebaseFirestoreSwift-Beta */ = {
			isa = XCSwiftPackageProductDependency;
			package = F41365AE26554077000CFD54 /* XCRemoteSwiftPackageReference "firebase-ios-sdk" */;
			productName = "FirebaseFirestoreSwift-Beta";
		};
/* End XCSwiftPackageProductDependency section */
	};
	rootObject = F4136590265539D0000CFD54 /* Project object */;
}
